// !$*UTF8*$!
{
	archiveVersion = 1;
	classes = {
	};
	objectVersion = 50;
	objects = {

/* Begin PBXBuildFile section */
		DEF4975022F95893005E5B00 /* AppDelegate.swift in Sources */ = {isa = PBXBuildFile; fileRef = DEF4974F22F95893005E5B00 /* AppDelegate.swift */; };
		DEF4975222F95893005E5B00 /* ViewController.swift in Sources */ = {isa = PBXBuildFile; fileRef = DEF4975122F95893005E5B00 /* ViewController.swift */; };
		DEF4975522F95893005E5B00 /* Main.storyboard in Resources */ = {isa = PBXBuildFile; fileRef = DEF4975322F95893005E5B00 /* Main.storyboard */; };
		DEF4975722F95895005E5B00 /* Assets.xcassets in Resources */ = {isa = PBXBuildFile; fileRef = DEF4975622F95895005E5B00 /* Assets.xcassets */; };
		DEF4975A22F95895005E5B00 /* LaunchScreen.storyboard in Resources */ = {isa = PBXBuildFile; fileRef = DEF4975822F95895005E5B00 /* LaunchScreen.storyboard */; };
		DEF4976222F958C2005E5B00 /* iPad.storyboard in Resources */ = {isa = PBXBuildFile; fileRef = DEF4976122F958C2005E5B00 /* iPad.storyboard */; };
		DEF4976422F95B43005E5B00 /* PhotosTVC.swift in Sources */ = {isa = PBXBuildFile; fileRef = DEF4976322F95B43005E5B00 /* PhotosTVC.swift */; };
		DEF4976622F95BCA005E5B00 /* DataModel.swift in Sources */ = {isa = PBXBuildFile; fileRef = DEF4976522F95BCA005E5B00 /* DataModel.swift */; };
		DEF4976A22F97F6D005E5B00 /* Photo.swift in Sources */ = {isa = PBXBuildFile; fileRef = DEF4976922F97F6D005E5B00 /* Photo.swift */; };
		DEF4976C22F9A0D0005E5B00 /* GenerateHash.swift in Sources */ = {isa = PBXBuildFile; fileRef = DEF4976B22F9A0CF005E5B00 /* GenerateHash.swift */; };
/* End PBXBuildFile section */

/* Begin PBXFileReference section */
		DEF4974C22F95893005E5B00 /* SplitView.app */ = {isa = PBXFileReference; explicitFileType = wrapper.application; includeInIndex = 0; path = SplitView.app; sourceTree = BUILT_PRODUCTS_DIR; };
		DEF4974F22F95893005E5B00 /* AppDelegate.swift */ = {isa = PBXFileReference; lastKnownFileType = sourcecode.swift; path = AppDelegate.swift; sourceTree = "<group>"; };
		DEF4975122F95893005E5B00 /* ViewController.swift */ = {isa = PBXFileReference; lastKnownFileType = sourcecode.swift; path = ViewController.swift; sourceTree = "<group>"; };
		DEF4975422F95893005E5B00 /* Base */ = {isa = PBXFileReference; lastKnownFileType = file.storyboard; name = Base; path = Base.lproj/Main.storyboard; sourceTree = "<group>"; };
		DEF4975622F95895005E5B00 /* Assets.xcassets */ = {isa = PBXFileReference; lastKnownFileType = folder.assetcatalog; path = Assets.xcassets; sourceTree = "<group>"; };
		DEF4975922F95895005E5B00 /* Base */ = {isa = PBXFileReference; lastKnownFileType = file.storyboard; name = Base; path = Base.lproj/LaunchScreen.storyboard; sourceTree = "<group>"; };
		DEF4975B22F95895005E5B00 /* Info.plist */ = {isa = PBXFileReference; lastKnownFileType = text.plist.xml; path = Info.plist; sourceTree = "<group>"; };
		DEF4976122F958C2005E5B00 /* iPad.storyboard */ = {isa = PBXFileReference; lastKnownFileType = file.storyboard; path = iPad.storyboard; sourceTree = "<group>"; };
		DEF4976322F95B43005E5B00 /* PhotosTVC.swift */ = {isa = PBXFileReference; lastKnownFileType = sourcecode.swift; path = PhotosTVC.swift; sourceTree = "<group>"; };
		DEF4976522F95BCA005E5B00 /* DataModel.swift */ = {isa = PBXFileReference; lastKnownFileType = sourcecode.swift; path = DataModel.swift; sourceTree = "<group>"; };
		DEF4976922F97F6D005E5B00 /* Photo.swift */ = {isa = PBXFileReference; lastKnownFileType = sourcecode.swift; path = Photo.swift; sourceTree = "<group>"; };
		DEF4976B22F9A0CF005E5B00 /* GenerateHash.swift */ = {isa = PBXFileReference; lastKnownFileType = sourcecode.swift; path = GenerateHash.swift; sourceTree = "<group>"; };
/* End PBXFileReference section */

/* Begin PBXFrameworksBuildPhase section */
		DEF4974922F95893005E5B00 /* Frameworks */ = {
			isa = PBXFrameworksBuildPhase;
			buildActionMask = 2147483647;
			files = (
			);
			runOnlyForDeploymentPostprocessing = 0;
		};
/* End PBXFrameworksBuildPhase section */

/* Begin PBXGroup section */
		DEF4974322F95893005E5B00 = {
			isa = PBXGroup;
			children = (
				DEF4974E22F95893005E5B00 /* SplitView */,
				DEF4974D22F95893005E5B00 /* Products */,
			);
			sourceTree = "<group>";
		};
		DEF4974D22F95893005E5B00 /* Products */ = {
			isa = PBXGroup;
			children = (
				DEF4974C22F95893005E5B00 /* SplitView.app */,
			);
			name = Products;
			sourceTree = "<group>";
		};
		DEF4974E22F95893005E5B00 /* SplitView */ = {
			isa = PBXGroup;
			children = (
				DEF4974F22F95893005E5B00 /* AppDelegate.swift */,
				DEF4975122F95893005E5B00 /* ViewController.swift */,
				DEF4976B22F9A0CF005E5B00 /* GenerateHash.swift */,
				DEF4976922F97F6D005E5B00 /* Photo.swift */,
				DEF4975322F95893005E5B00 /* Main.storyboard */,
				DEF4976122F958C2005E5B00 /* iPad.storyboard */,
				DEF4976322F95B43005E5B00 /* PhotosTVC.swift */,
				DEF4976522F95BCA005E5B00 /* DataModel.swift */,
				DEF4975622F95895005E5B00 /* Assets.xcassets */,
				DEF4975822F95895005E5B00 /* LaunchScreen.storyboard */,
				DEF4975B22F95895005E5B00 /* Info.plist */,
			);
			path = SplitView;
			sourceTree = "<group>";
		};
/* End PBXGroup section */

/* Begin PBXNativeTarget section */
		DEF4974B22F95893005E5B00 /* SplitView */ = {
			isa = PBXNativeTarget;
			buildConfigurationList = DEF4975E22F95895005E5B00 /* Build configuration list for PBXNativeTarget "SplitView" */;
			buildPhases = (
				DEF4974822F95893005E5B00 /* Sources */,
				DEF4974922F95893005E5B00 /* Frameworks */,
				DEF4974A22F95893005E5B00 /* Resources */,
			);
			buildRules = (
			);
			dependencies = (
			);
			name = SplitView;
			productName = SplitView;
			productReference = DEF4974C22F95893005E5B00 /* SplitView.app */;
			productType = "com.apple.product-type.application";
		};
/* End PBXNativeTarget section */

/* Begin PBXProject section */
		DEF4974422F95893005E5B00 /* Project object */ = {
			isa = PBXProject;
			attributes = {
				LastSwiftUpdateCheck = 1010;
				LastUpgradeCheck = 1010;
				ORGANIZATIONNAME = "Egor Devyatov";
				TargetAttributes = {
					DEF4974B22F95893005E5B00 = {
						CreatedOnToolsVersion = 10.1;
					};
				};
			};
			buildConfigurationList = DEF4974722F95893005E5B00 /* Build configuration list for PBXProject "SplitView" */;
			compatibilityVersion = "Xcode 9.3";
			developmentRegion = en;
			hasScannedForEncodings = 0;
			knownRegions = (
				en,
				Base,
			);
			mainGroup = DEF4974322F95893005E5B00;
			productRefGroup = DEF4974D22F95893005E5B00 /* Products */;
			projectDirPath = "";
			projectRoot = "";
			targets = (
				DEF4974B22F95893005E5B00 /* SplitView */,
			);
		};
/* End PBXProject section */

/* Begin PBXResourcesBuildPhase section */
		DEF4974A22F95893005E5B00 /* Resources */ = {
			isa = PBXResourcesBuildPhase;
			buildActionMask = 2147483647;
			files = (
				DEF4976222F958C2005E5B00 /* iPad.storyboard in Resources */,
				DEF4975A22F95895005E5B00 /* LaunchScreen.storyboard in Resources */,
				DEF4975722F95895005E5B00 /* Assets.xcassets in Resources */,
				DEF4975522F95893005E5B00 /* Main.storyboard in Resources */,
			);
			runOnlyForDeploymentPostprocessing = 0;
		};
/* End PBXResourcesBuildPhase section */

/* Begin PBXSourcesBuildPhase section */
		DEF4974822F95893005E5B00 /* Sources */ = {
			isa = PBXSourcesBuildPhase;
			buildActionMask = 2147483647;
			files = (
				DEF4976A22F97F6D005E5B00 /* Photo.swift in Sources */,
				DEF4975222F95893005E5B00 /* ViewController.swift in Sources */,
				DEF4976622F95BCA005E5B00 /* DataModel.swift in Sources */,
				DEF4976422F95B43005E5B00 /* PhotosTVC.swift in Sources */,
				DEF4975022F95893005E5B00 /* AppDelegate.swift in Sources */,
				DEF4976C22F9A0D0005E5B00 /* GenerateHash.swift in Sources */,
			);
			runOnlyForDeploymentPostprocessing = 0;
		};
/* End PBXSourcesBuildPhase section */

/* Begin PBXVariantGroup section */
		DEF4975322F95893005E5B00 /* Main.storyboard */ = {
			isa = PBXVariantGroup;
			children = (
				DEF4975422F95893005E5B00 /* Base */,
			);
			name = Main.storyboard;
			sourceTree = "<group>";
		};
		DEF4975822F95895005E5B00 /* LaunchScreen.storyboard */ = {
			isa = PBXVariantGroup;
			children = (
				DEF4975922F95895005E5B00 /* Base */,
			);
			name = LaunchScreen.storyboard;
			sourceTree = "<group>";
		};
/* End PBXVariantGroup section */

/* Begin XCBuildConfiguration section */
		DEF4975C22F95895005E5B00 /* Debug */ = {
			isa = XCBuildConfiguration;
			buildSettings = {
				ALWAYS_SEARCH_USER_PATHS = NO;
				CLANG_ANALYZER_NONNULL = YES;
				CLANG_ANALYZER_NUMBER_OBJECT_CONVERSION = YES_AGGRESSIVE;
				CLANG_CXX_LANGUAGE_STANDARD = "gnu++14";
				CLANG_CXX_LIBRARY = "libc++";
				CLANG_ENABLE_MODULES = YES;
				CLANG_ENABLE_OBJC_ARC = YES;
				CLANG_ENABLE_OBJC_WEAK = YES;
				CLANG_WARN_BLOCK_CAPTURE_AUTORELEASING = YES;
				CLANG_WARN_BOOL_CONVERSION = YES;
				CLANG_WARN_COMMA = YES;
				CLANG_WARN_CONSTANT_CONVERSION = YES;
				CLANG_WARN_DEPRECATED_OBJC_IMPLEMENTATIONS = YES;
				CLANG_WARN_DIRECT_OBJC_ISA_USAGE = YES_ERROR;
				CLANG_WARN_DOCUMENTATION_COMMENTS = YES;
				CLANG_WARN_EMPTY_BODY = YES;
				CLANG_WARN_ENUM_CONVERSION = YES;
				CLANG_WARN_INFINITE_RECURSION = YES;
				CLANG_WARN_INT_CONVERSION = YES;
				CLANG_WARN_NON_LITERAL_NULL_CONVERSION = YES;
				CLANG_WARN_OBJC_IMPLICIT_RETAIN_SELF = YES;
				CLANG_WARN_OBJC_LITERAL_CONVERSION = YES;
				CLANG_WARN_OBJC_ROOT_CLASS = YES_ERROR;
				CLANG_WARN_RANGE_LOOP_ANALYSIS = YES;
				CLANG_WARN_STRICT_PROTOTYPES = YES;
				CLANG_WARN_SUSPICIOUS_MOVE = YES;
				CLANG_WARN_UNGUARDED_AVAILABILITY = YES_AGGRESSIVE;
				CLANG_WARN_UNREACHABLE_CODE = YES;
				CLANG_WARN__DUPLICATE_METHOD_MATCH = YES;
				CODE_SIGN_IDENTITY = "iPhone Developer";
				COPY_PHASE_STRIP = NO;
				DEBUG_INFORMATION_FORMAT = dwarf;
				ENABLE_STRICT_OBJC_MSGSEND = YES;
				ENABLE_TESTABILITY = YES;
				GCC_C_LANGUAGE_STANDARD = gnu11;
				GCC_DYNAMIC_NO_PIC = NO;
				GCC_NO_COMMON_BLOCKS = YES;
				GCC_OPTIMIZATION_LEVEL = 0;
				GCC_PREPROCESSOR_DEFINITIONS = (
					"DEBUG=1",
					"$(inherited)",
				);
				GCC_WARN_64_TO_32_BIT_CONVERSION = YES;
				GCC_WARN_ABOUT_RETURN_TYPE = YES_ERROR;
				GCC_WARN_UNDECLARED_SELECTOR = YES;
				GCC_WARN_UNINITIALIZED_AUTOS = YES_AGGRESSIVE;
				GCC_WARN_UNUSED_FUNCTION = YES;
				GCC_WARN_UNUSED_VARIABLE = YES;
				IPHONEOS_DEPLOYMENT_TARGET = 12.1;
				MTL_ENABLE_DEBUG_INFO = INCLUDE_SOURCE;
				MTL_FAST_MATH = YES;
				ONLY_ACTIVE_ARCH = YES;
				SDKROOT = iphoneos;
				SWIFT_ACTIVE_COMPILATION_CONDITIONS = DEBUG;
				SWIFT_OPTIMIZATION_LEVEL = "-Onone";
			};
			name = Debug;
		};
		DEF4975D22F95895005E5B00 /* Release */ = {
			isa = XCBuildConfiguration;
			buildSettings = {
				ALWAYS_SEARCH_USER_PATHS = NO;
				CLANG_ANALYZER_NONNULL = YES;
				CLANG_ANALYZER_NUMBER_OBJECT_CONVERSION = YES_AGGRESSIVE;
				CLANG_CXX_LANGUAGE_STANDARD = "gnu++14";
				CLANG_CXX_LIBRARY = "libc++";
				CLANG_ENABLE_MODULES = YES;
				CLANG_ENABLE_OBJC_ARC = YES;
				CLANG_ENABLE_OBJC_WEAK = YES;
				CLANG_WARN_BLOCK_CAPTURE_AUTORELEASING = YES;
				CLANG_WARN_BOOL_CONVERSION = YES;
				CLANG_WARN_COMMA = YES;
				CLANG_WARN_CONSTANT_CONVERSION = YES;
				CLANG_WARN_DEPRECATED_OBJC_IMPLEMENTATIONS = YES;
				CLANG_WARN_DIRECT_OBJC_ISA_USAGE = YES_ERROR;
				CLANG_WARN_DOCUMENTATION_COMMENTS = YES;
				CLANG_WARN_EMPTY_BODY = YES;
				CLANG_WARN_ENUM_CONVERSION = YES;
				CLANG_WARN_INFINITE_RECURSION = YES;
				CLANG_WARN_INT_CONVERSION = YES;
				CLANG_WARN_NON_LITERAL_NULL_CONVERSION = YES;
				CLANG_WARN_OBJC_IMPLICIT_RETAIN_SELF = YES;
				CLANG_WARN_OBJC_LITERAL_CONVERSION = YES;
				CLANG_WARN_OBJC_ROOT_CLASS = YES_ERROR;
				CLANG_WARN_RANGE_LOOP_ANALYSIS = YES;
				CLANG_WARN_STRICT_PROTOTYPES = YES;
				CLANG_WARN_SUSPICIOUS_MOVE = YES;
				CLANG_WARN_UNGUARDED_AVAILABILITY = YES_AGGRESSIVE;
				CLANG_WARN_UNREACHABLE_CODE = YES;
				CLANG_WARN__DUPLICATE_METHOD_MATCH = YES;
				CODE_SIGN_IDENTITY = "iPhone Developer";
				COPY_PHASE_STRIP = NO;
				DEBUG_INFORMATION_FORMAT = "dwarf-with-dsym";
				ENABLE_NS_ASSERTIONS = NO;
				ENABLE_STRICT_OBJC_MSGSEND = YES;
				GCC_C_LANGUAGE_STANDARD = gnu11;
				GCC_NO_COMMON_BLOCKS = YES;
				GCC_WARN_64_TO_32_BIT_CONVERSION = YES;
				GCC_WARN_ABOUT_RETURN_TYPE = YES_ERROR;
				GCC_WARN_UNDECLARED_SELECTOR = YES;
				GCC_WARN_UNINITIALIZED_AUTOS = YES_AGGRESSIVE;
				GCC_WARN_UNUSED_FUNCTION = YES;
				GCC_WARN_UNUSED_VARIABLE = YES;
				IPHONEOS_DEPLOYMENT_TARGET = 12.1;
				MTL_ENABLE_DEBUG_INFO = NO;
				MTL_FAST_MATH = YES;
				SDKROOT = iphoneos;
				SWIFT_COMPILATION_MODE = wholemodule;
				SWIFT_OPTIMIZATION_LEVEL = "-O";
				VALIDATE_PRODUCT = YES;
			};
			name = Release;
		};
		DEF4975F22F95895005E5B00 /* Debug */ = {
			isa = XCBuildConfiguration;
			buildSettings = {
				ASSETCATALOG_COMPILER_APPICON_NAME = AppIcon;
				CODE_SIGN_STYLE = Automatic;
				DEVELOPMENT_TEAM = "";
				INFOPLIST_FILE = SplitView/Info.plist;
				IPHONEOS_DEPLOYMENT_TARGET = 10.2;
				LD_RUNPATH_SEARCH_PATHS = (
					"$(inherited)",
					"@executable_path/Frameworks",
				);
				PRODUCT_BUNDLE_IDENTIFIER = "ru.htc-cs.SplitView";
				PRODUCT_NAME = "$(TARGET_NAME)";
				SWIFT_VERSION = 4.2;
				TARGETED_DEVICE_FAMILY = "1,2";
			};
			name = Debug;
		};
		DEF4976022F95895005E5B00 /* Release */ = {
			isa = XCBuildConfiguration;
			buildSettings = {
				ASSETCATALOG_COMPILER_APPICON_NAME = AppIcon;
				CODE_SIGN_STYLE = Automatic;
				DEVELOPMENT_TEAM = "";
				INFOPLIST_FILE = SplitView/Info.plist;
				IPHONEOS_DEPLOYMENT_TARGET = 10.2;
				LD_RUNPATH_SEARCH_PATHS = (
					"$(inherited)",
					"@executable_path/Frameworks",
				);
				PRODUCT_BUNDLE_IDENTIFIER = "ru.htc-cs.SplitView";
				PRODUCT_NAME = "$(TARGET_NAME)";
				SWIFT_VERSION = 4.2;
				TARGETED_DEVICE_FAMILY = "1,2";
			};
			name = Release;
		};
/* End XCBuildConfiguration section */

/* Begin XCConfigurationList section */
		DEF4974722F95893005E5B00 /* Build configuration list for PBXProject "SplitView" */ = {
			isa = XCConfigurationList;
			buildConfigurations = (
				DEF4975C22F95895005E5B00 /* Debug */,
				DEF4975D22F95895005E5B00 /* Release */,
			);
			defaultConfigurationIsVisible = 0;
			defaultConfigurationName = Release;
		};
		DEF4975E22F95895005E5B00 /* Build configuration list for PBXNativeTarget "SplitView" */ = {
			isa = XCConfigurationList;
			buildConfigurations = (
				DEF4975F22F95895005E5B00 /* Debug */,
				DEF4976022F95895005E5B00 /* Release */,
			);
			defaultConfigurationIsVisible = 0;
			defaultConfigurationName = Release;
		};
/* End XCConfigurationList section */
	};
	rootObject = DEF4974422F95893005E5B00 /* Project object */;
}
